
Microsoft Visual Studio Solution File, Format Version 12.00
# Visual Studio Version 17
VisualStudioVersion = 17.5.33530.505
MinimumVisualStudioVersion = 10.0.40219.1
Project("{888888A0-9F3D-457C-B088-3A5042F75D52}") = "Decline Curve", "Decline Curve.pyproj", "{EE9C4099-CB86-4E72-8635-A71E0B1ACEEC}"
EndProject
Global
	GlobalSection(SolutionConfigurationPlatforms) = preSolution
		Debug|Any CPU = Debug|Any CPU
		Release|Any CPU = Release|Any CPU
	EndGlobalSection
	GlobalSection(ProjectConfigurationPlatforms) = postSolution
		{EE9C4099-CB86-4E72-8635-A71E0B1ACEEC}.Debug|Any CPU.ActiveCfg = Debug|Any CPU
		{EE9C4099-CB86-4E72-8635-A71E0B1ACEEC}.Release|Any CPU.ActiveCfg = Release|Any CPU
	EndGlobalSection
	GlobalSection(SolutionProperties) = preSolution
		HideSolutionNode = FALSE
	EndGlobalSection
	GlobalSection(ExtensibilityGlobals) = postSolution
		SolutionGuid = {3186FA51-3B27-4E0E-9012-BD80C1CF4071}
	EndGlobalSection
EndGlobal
